{
  "name": "demos",
  "version": "1.0.0",
  "lockfileVersion": 3,
  "requires": true,
  "packages": {
    "": {
      "name": "demos",
      "version": "1.0.0",
      "license": "ISC",
      "dependencies": {
        "@laihoe/demoparser2": "^0.42.0",
        "adm-zip": "^0.6.1"
      }
    },
    "node_modules/@laihoe/demoparser2": {
      "version": "0.42.0",
      "resolved": "https://registry.npmjs.org/@laihoe/demoparser2/-/demoparser2-0.42.0.tgz",
      "integrity": "sha512-W1O/7RxKIum/HdUqXnpW/33tfiuVC4qVMQwJjMOklAr9AsxGkf5Tn7MzT3hOQ8QsTCB6M6bBYxxRMnodbeF4lw==",
      "license": "MIT",
      "engines": {
        "node": ">= 10"
      },
      "optionalDependencies": {
        "@laihoe/demoparser2-android-arm-eabi": "0.42.0",
        "@laihoe/demoparser2-android-arm64": "0.42.0",
        "@laihoe/demoparser2-darwin-arm64": "0.42.0",
        "@laihoe/demoparser2-darwin-universal": "0.42.0",
        "@laihoe/demoparser2-darwin-x64": "0.42.0",
        "@laihoe/demoparser2-freebsd-x64": "0.42.0",
        "@laihoe/demoparser2-linux-arm-gnueabihf": "0.42.0",
        "@laihoe/demoparser2-linux-arm64-gnu": "0.42.0",
        "@laihoe/demoparser2-linux-arm64-musl": "0.42.0",
        "@laihoe/demoparser2-linux-x64-gnu": "0.42.0",
        "@laihoe/demoparser2-linux-x64-musl": "0.42.0",
        "@laihoe/demoparser2-win32-arm64-msvc": "0.42.0",
        "@laihoe/demoparser2-win32-ia32-msvc": "0.42.0",
        "@laihoe/demoparser2-win32-x64-msvc": "0.42.0"
      }
    },
    "node_modules/@laihoe/demoparser2-android-arm-eabi": {
      "version": "0.42.0",
      "resolved": "https://registry.npmjs.org/@laihoe/demoparser2-android-arm-eabi/-/demoparser2-android-arm-eabi-0.42.0.tgz",
      "integrity": "sha512-FMNCMu7vtCPEqE9/yMOlZLKd5DEvnK9O6zPK8m2R0Vxma4sVeNMNqaox99Z9uAEuDh9HUTSNxhu2b8d4U0cAfQ==",
      "cpu": [
        "arm"
      ],
      "license": "MIT",
      "optional": true,
      "os": [
        "android"
      ],
      "engines": {
        "node": ">= 10"
      }
    },
    "node_modules/@laihoe/demoparser2-android-arm64": {
      "version": "0.42.0",
      "resolved": "https://registry.npmjs.org/@laihoe/demoparser2-android-arm64/-/demoparser2-android-arm64-0.42.0.tgz",
      "integrity": "sha512-zaHWPD581v46lTWUHcl379yjHW/x+1GFf/iU7OlWUWUkoblQlsFRE+WC9qYtrNrz8vO9HD+YNkNxGFAnhzmXmQ==",
      "cpu": [
        "arm64"
      ],
      "license": "MIT",
      "optional": true,
      "os": [
        "android"
      ],
      "engines": {
        "node": ">= 10"
      }
    },
    "node_modules/@laihoe/demoparser2-darwin-arm64": {
      "version": "0.42.0",
      "resolved": "https://registry.npmjs.org/@laihoe/demoparser2-darwin-arm64/-/demoparser2-darwin-arm64-0.42.0.tgz",
      "integrity": "sha512-vZGlPcnYVb75LsitDSBdNkp+g1gZxyHAQxhdowRR452BGQITwEMrRaGP9efo7oId78nX9KjfSy6kjaCiU070PQ==",
      "cpu": [
        "arm64"
      ],
      "license": "MIT",
      "optional": true,
      "os": [
        "darwin"
      ],
      "engines": {
        "node": ">= 10"
      }
    },
    "node_modules/@laihoe/demoparser2-linux-arm-gnueabihf": {
      "version": "0.42.0",
      "resolved": "https://registry.npmjs.org/@laihoe/demoparser2-linux-arm-gnueabihf/-/demoparser2-linux-arm-gnueabihf-0.42.0.tgz",
      "integrity": "sha512-Md9rioYT6Hb7Jr2Ob+0VZGFs5w9kD3iRd9Lh0lYvBdIGwG94KwNkmINQI79FtCf5WC0kAiQsXIRakiZM49Fh4Q==",
      "cpu": [
        "arm"
      ],
      "license": "MIT",
      "optional": true,
      "os": [
        "linux"
      ],
      "engines": {
        "node": ">= 10"
      }
    },
    "node_modules/@laihoe/demoparser2-linux-arm64-gnu": {
      "version": "0.42.0",
      "resolved": "https://registry.npmjs.org/@laihoe/demoparser2-linux-arm64-gnu/-/demoparser2-linux-arm64-gnu-0.42.0.tgz",
      "integrity": "sha512-Ng3TfUXqhjBufjU+8CaVoc2MxthaABS3gkZPfbZVb/UBdA74HguVuzmeioNYDa4mJkN3oau4FcXxoxQd9jkD9A==",
      "cpu": [
        "arm64"
      ],
      "libc": [
        "glibc"
      ],
      "license": "MIT",
      "optional": true,
      "os": [
        "linux"
      ],
      "engines": {
        "node": ">= 10"
      }
    },
    "node_modules/@laihoe/demoparser2-linux-arm64-musl": {
      "version": "0.42.0",
      "resolved": "https://registry.npmjs.org/@laihoe/demoparser2-linux-arm64-musl/-/demoparser2-linux-arm64-musl-0.42.0.tgz",
      "integrity": "sha512-mV1HWvUw7H/9NCS6AfgNEzAxKunyDsxG2e+CtBo57ArzIYvpKWVO8nMtf9UH1XTciHHelpji9VqWwusP3ZbfPg==",
      "cpu": [
        "arm64"
      ],
      "libc": [
        "musl"
      ],
      "license": "MIT",
      "optional": true,
      "os": [
        "linux"
      ],
      "engines": {
        "node": ">= 10"
      }
    },
    "node_modules/@laihoe/demoparser2-linux-x64-gnu": {
      "version": "0.42.0",
      "resolved": "https://registry.npmjs.org/@laihoe/demoparser2-linux-x64-gnu/-/demoparser2-linux-x64-gnu-0.42.0.tgz",
      "integrity": "sha512-mhU7QEZuwXKEYH5Kx0O2R3zd2zWT5XdTzBLpfUwo7bDPhZVgP3n4p7GU6IAf2ckN+zmX4tn8N93fyPTi0hiTSw==",
      "cpu": [
        "x64"
      ],
      "libc": [
        "glibc"
      ],
      "license": "MIT",
      "optional": true,
      "os": [
        "linux"
      ],
      "engines": {
        "node": ">= 10"
      }
    },
    "node_modules/@laihoe/demoparser2-linux-x64-musl": {
      "version": "0.42.0",
      "resolved": "https://registry.npmjs.org/@laihoe/demoparser2-linux-x64-musl/-/demoparser2-linux-x64-musl-0.42.0.tgz",
      "integrity": "sha512-8MSt652uyVFoXvEZbXRY1Nesc9IDol6o8rO5unEX7X7mPTRyFkj2lu+XnPOY8r0KvY8a/jkvwuqmHtNH3ojQQA==",
      "cpu": [
        "x64"
      ],
      "libc": [
        "musl"
      ],
      "license": "MIT",
      "optional": true,
      "os": [
        "linux"
      ],
      "engines": {
        "node": ">= 10"
      }
    },
    "node_modules/@laihoe/demoparser2-win32-arm64-msvc": {
      "version": "0.42.0",
      "resolved": "https://registry.npmjs.org/@laihoe/demoparser2-win32-arm64-msvc/-/demoparser2-win32-arm64-msvc-0.42.0.tgz",
      "integrity": "sha512-q4o/Z5XKhURus4AZ8L9EHTaV9JfXICeUnGdCuXrhXkqLrYCOroxy6zxL3r4QD9p55XwWVY59Kh6tICj7PdfJDQ==",
      "cpu": [
        "arm64"
      ],
      "license": "MIT",
      "optional": true,
      "os": [
        "win32"
      ],
      "engines": {
        "node": ">= 10"
      }
    },
    "node_modules/@laihoe/demoparser2-win32-x64-msvc": {
      "version": "0.42.0",
      "resolved": "https://registry.npmjs.org/@laihoe/demoparser2-win32-x64-msvc/-/demoparser2-win32-x64-msvc-0.42.0.tgz",
      "integrity": "sha512-6qLCtvtrB/rRoqWm9aFFT77B87LPkDoMQXmkch/2QTJreYaszi0sULiQNMNStQWhnJhs2CuBWkaoleUO+3It5A==",
      "cpu": [
        "x64"
      ],
      "license": "MIT",
      "optional": true,
      "os": [
        "win32"
      ],
      "engines": {
        "node": ">= 10"
      }
    },
    "node_modules/adm-zip": {
      "version": "0.6.1",
      "resolved": "https://registry.npmjs.org/adm-zip/-/adm-zip-0.6.1.tgz",
      "integrity": "sha512-Xwrja8nx9e5o2N1my4DsKCeKpdrnACyr1wtbPxBDgGzKzKyE9kRtBFA8mWldI+RVlD7CBZNWY/wQ2+ydwOR6kQ==",
      "license": "MIT",
      "engines": {
        "node": ">=14.0"
      }
    }
  }
}
